{
    "hash": "3b46d11da0ae960c51ecd4a0b75744f0",
    "packages": [
        {
            "package": "symfony/options-resolver",
            "version": "dev-master",
            "alias-pretty-version": "2.1.x-dev",
            "alias-version": "2.1.9999999.9999999-dev"
        },
        {
            "package": "symfony/options-resolver",
            "version": "dev-master",
            "source-reference": "915b39d1e0ad1c1f2526b93a16a10e5e504aefad"
        }
    ],
    "packages-dev": [
        {
            "package": "mockery/mockery",
            "version": "dev-master",
            "source-reference": "2c5e3244b72d268d8c70935fcceb39b3d84d57db"
        }
    ],
    "aliases": [

    ],
    "minimum-stability": "dev",
    "stability-flags": {
        "symfony/options-resolver": 20
    }
}
